
Microsoft Visual Studio Solution File, Format Version 12.00
# Visual Studio Version 17
VisualStudioVersion = 17.13.35825.156 d17.13
MinimumVisualStudioVersion = 10.0.40219.1
Project("{8BC9CEB8-8B4A-11D0-8D11-00A0C91BC942}") = "Baizel", "Baizel\Baizel.vcxproj", "{1068DDFE-4E12-429F-AF48-70EEBAB0278D}"
EndProject
Project("{8BC9CEB8-8B4A-11D0-8D11-00A0C91BC942}") = "Untitled", "Untitled\Untitled.vcxproj", "{344E4937-24C9-4F13-8C42-4A523A670409}"
EndProject
Project("{2150E333-8FDC-42A3-9474-1A3956D46DE8}") = "Элементы решения", "Элементы решения", "{754FC069-D67B-A9D7-50A1-8D1CA196D8F1}"
	ProjectSection(SolutionItems) = preProject
		helper.txt = helper.txt
	EndProjectSection
EndProject
Global
	GlobalSection(SolutionConfigurationPlatforms) = preSolution
		Debug|x64 = Debug|x64
		Debug|x86 = Debug|x86
		Release|x64 = Release|x64
		Release|x86 = Release|x86
	EndGlobalSection
	GlobalSection(ProjectConfigurationPlatforms) = postSolution
		{1068DDFE-4E12-429F-AF48-70EEBAB0278D}.Debug|x64.ActiveCfg = Debug|x64
		{1068DDFE-4E12-429F-AF48-70EEBAB0278D}.Debug|x64.Build.0 = Debug|x64
		{1068DDFE-4E12-429F-AF48-70EEBAB0278D}.Debug|x86.ActiveCfg = Debug|Win32
		{1068DDFE-4E12-429F-AF48-70EEBAB0278D}.Debug|x86.Build.0 = Debug|Win32
		{1068DDFE-4E12-429F-AF48-70EEBAB0278D}.Release|x64.ActiveCfg = Release|x64
		{1068DDFE-4E12-429F-AF48-70EEBAB0278D}.Release|x64.Build.0 = Release|x64
		{1068DDFE-4E12-429F-AF48-70EEBAB0278D}.Release|x86.ActiveCfg = Release|Win32
		{1068DDFE-4E12-429F-AF48-70EEBAB0278D}.Release|x86.Build.0 = Release|Win32
		{344E4937-24C9-4F13-8C42-4A523A670409}.Debug|x64.ActiveCfg = Debug|x64
		{344E4937-24C9-4F13-8C42-4A523A670409}.Debug|x64.Build.0 = Debug|x64
		{344E4937-24C9-4F13-8C42-4A523A670409}.Debug|x86.ActiveCfg = Debug|Win32
		{344E4937-24C9-4F13-8C42-4A523A670409}.Debug|x86.Build.0 = Debug|Win32
		{344E4937-24C9-4F13-8C42-4A523A670409}.Release|x64.ActiveCfg = Release|x64
		{344E4937-24C9-4F13-8C42-4A523A670409}.Release|x64.Build.0 = Release|x64
		{344E4937-24C9-4F13-8C42-4A523A670409}.Release|x86.ActiveCfg = Release|Win32
		{344E4937-24C9-4F13-8C42-4A523A670409}.Release|x86.Build.0 = Release|Win32
	EndGlobalSection
	GlobalSection(SolutionProperties) = preSolution
		HideSolutionNode = FALSE
	EndGlobalSection
	GlobalSection(ExtensibilityGlobals) = postSolution
		SolutionGuid = {F15D4CA4-58C3-4353-B681-B4EB3BCE43A7}
	EndGlobalSection
EndGlobal
