<?xml version="1.0" encoding="utf-8"?>
<Project ToolsVersion="4.0" xmlns="http://schemas.microsoft.com/developer/msbuild/2003">
  <ItemGroup>
    <Filter Include="Исходные файлы">
      <UniqueIdentifier>{4FC737F1-C7A5-4376-A066-2A32D752A2FF}</UniqueIdentifier>
      <Extensions>cpp;c;cc;cxx;c++;cppm;ixx;def;odl;idl;hpj;bat;asm;asmx</Extensions>
    </Filter>
    <Filter Include="Файлы заголовков">
      <UniqueIdentifier>{93995380-89BD-4b04-88EB-625FBE52EBFB}</UniqueIdentifier>
      <Extensions>h;hh;hpp;hxx;h++;hm;inl;inc;ipp;xsd</Extensions>
    </Filter>
    <Filter Include="Файлы ресурсов">
      <UniqueIdentifier>{67DA6AB6-F800-4c08-8B7A-83BB121AAD01}</UniqueIdentifier>
      <Extensions>rc;ico;cur;bmp;dlg;rc2;rct;bin;rgs;gif;jpg;jpeg;jpe;resx;tiff;tif;png;wav;mfcribbon-ms</Extensions>
    </Filter>
  </ItemGroup>
  <ItemGroup>
    <ClInclude Include="core\include\math\Vector2.h">
      <Filter>Файлы заголовков</Filter>
    </ClInclude>
    <ClInclude Include="core\include\math\MathTypes.h">
      <Filter>Файлы заголовков</Filter>
    </ClInclude>
    <ClInclude Include="core\include\input\Mouse.h">
      <Filter>Файлы заголовков</Filter>
    </ClInclude>
    <ClInclude Include="core\include\input\LowLevelInput.h">
      <Filter>Файлы заголовков</Filter>
    </ClInclude>
    <ClInclude Include="core\include\input\Keyboard.h">
      <Filter>Файлы заголовков</Filter>
    </ClInclude>
    <ClInclude Include="core\include\input\InputTypes.h">
      <Filter>Файлы заголовков</Filter>
    </ClInclude>
    <ClInclude Include="core\include\input\InputDevice.h">
      <Filter>Файлы заголовков</Filter>
    </ClInclude>
    <ClInclude Include="core\include\input\Input.h">
      <Filter>Файлы заголовков</Filter>
    </ClInclude>
    <ClInclude Include="core\include\graphics\Texture.h">
      <Filter>Файлы заголовков</Filter>
    </ClInclude>
    <ClInclude Include="core\include\graphics\Renderer.h">
      <Filter>Файлы заголовков</Filter>
    </ClInclude>
    <ClInclude Include="core\include\graphics\LowLevelGraphics.h">
      <Filter>Файлы заголовков</Filter>
    </ClInclude>
    <ClInclude Include="core\include\graphics\Graphics.h">
      <Filter>Файлы заголовков</Filter>
    </ClInclude>
    <ClInclude Include="core\include\engine\EngineSetup.h">
      <Filter>Файлы заголовков</Filter>
    </ClInclude>
    <ClInclude Include="core\include\engine\Engine.h">
      <Filter>Файлы заголовков</Filter>
    </ClInclude>
    <ClInclude Include="core\include\math\Math.h">
      <Filter>Файлы заголовков</Filter>
    </ClInclude>
    <ClInclude Include="core\include\diagnostics\Log.h">
      <Filter>Файлы заголовков</Filter>
    </ClInclude>
    <ClInclude Include="core\include\core\Timer.h">
      <Filter>Файлы заголовков</Filter>
    </ClInclude>
    <ClInclude Include="core\include\engine\TimeStep.h">
      <Filter>Файлы заголовков</Filter>
    </ClInclude>
    <ClInclude Include="core\include\core\ApplicationTime.h">
      <Filter>Файлы заголовков</Filter>
    </ClInclude>
    <ClInclude Include="core\include\graphics\Animation.h">
      <Filter>Файлы заголовков</Filter>
    </ClInclude>
    <ClInclude Include="core\include\graphics\Color.h">
      <Filter>Файлы заголовков</Filter>
    </ClInclude>
    <ClInclude Include="core\include\graphics\FontAtlas.h">
      <Filter>Файлы заголовков</Filter>
    </ClInclude>
    <ClInclude Include="core\include\audio\AudioBuffer.h">
      <Filter>Файлы заголовков</Filter>
    </ClInclude>
    <ClInclude Include="core\include\audio\AudioSource.h">
      <Filter>Файлы заголовков</Filter>
    </ClInclude>
    <ClInclude Include="core\include\math\Vector3.h">
      <Filter>Файлы заголовков</Filter>
    </ClInclude>
    <ClInclude Include="core\include\audio\AudioSystem.h">
      <Filter>Файлы заголовков</Filter>
    </ClInclude>
    <ClInclude Include="core\include\audio\AudioListener.h">
      <Filter>Файлы заголовков</Filter>
    </ClInclude>
    <ClInclude Include="core\include\audio\AudioDevice.h">
      <Filter>Файлы заголовков</Filter>
    </ClInclude>
    <ClInclude Include="core\include\engine\Updateable.h">
      <Filter>Файлы заголовков</Filter>
    </ClInclude>
    <ClInclude Include="core\include\audio\stb_vorbis.h">
      <Filter>Файлы заголовков</Filter>
    </ClInclude>
    <ClInclude Include="core\include\engine\Updater.h">
      <Filter>Файлы заголовков</Filter>
    </ClInclude>
    <ClInclude Include="core\include\graphics\Rect.h">
      <Filter>Файлы заголовков</Filter>
    </ClInclude>
    <ClInclude Include="core\include\graphics\RectTypes.h">
      <Filter>Файлы заголовков</Filter>
    </ClInclude>
    <ClInclude Include="core\include\graphics\Glyph.h">
      <Filter>Файлы заголовков</Filter>
    </ClInclude>
    <ClInclude Include="core\include\impl\core\ApplicationTimeSDL.h">
      <Filter>Файлы заголовков</Filter>
    </ClInclude>
    <ClInclude Include="core\include\impl\audio\AudioBufferAL.h">
      <Filter>Файлы заголовков</Filter>
    </ClInclude>
    <ClInclude Include="core\include\impl\audio\AudioDeviceAL.h">
      <Filter>Файлы заголовков</Filter>
    </ClInclude>
    <ClInclude Include="core\include\impl\audio\AudioListenerAL.h">
      <Filter>Файлы заголовков</Filter>
    </ClInclude>
    <ClInclude Include="core\include\impl\audio\AudioSourceAL.h">
      <Filter>Файлы заголовков</Filter>
    </ClInclude>
    <ClInclude Include="core\include\impl\audio\AudioSystemAL.h">
      <Filter>Файлы заголовков</Filter>
    </ClInclude>
    <ClInclude Include="core\include\impl\diagnostics\ErrorHandlerAL.h">
      <Filter>Файлы заголовков</Filter>
    </ClInclude>
    <ClInclude Include="core\include\impl\engine\EngineSetupSDL.h">
      <Filter>Файлы заголовков</Filter>
    </ClInclude>
    <ClInclude Include="core\include\impl\input\KeyboardSDL.h">
      <Filter>Файлы заголовков</Filter>
    </ClInclude>
    <ClInclude Include="core\include\impl\graphics\LowLevelGraphicsSDL.h">
      <Filter>Файлы заголовков</Filter>
    </ClInclude>
    <ClInclude Include="core\include\impl\input\LowLevelInputSDL.h">
      <Filter>Файлы заголовков</Filter>
    </ClInclude>
    <ClInclude Include="core\include\impl\input\MouseSDL.h">
      <Filter>Файлы заголовков</Filter>
    </ClInclude>
    <ClInclude Include="core\include\impl\graphics\RendererSDL.h">
      <Filter>Файлы заголовков</Filter>
    </ClInclude>
    <ClInclude Include="core\include\impl\graphics\TextureSDL.h">
      <Filter>Файлы заголовков</Filter>
    </ClInclude>
    <ClInclude Include="core\include\resources\XMLNode.h">
      <Filter>Файлы заголовков</Filter>
    </ClInclude>
    <ClInclude Include="core\include\resources\XMLElement.h">
      <Filter>Файлы заголовков</Filter>
    </ClInclude>
    <ClInclude Include="core\include\resources\XMLDocument.h">
      <Filter>Файлы заголовков</Filter>
    </ClInclude>
    <ClInclude Include="core\include\impl\resources\XMLDocumentTiXML.h">
      <Filter>Файлы заголовков</Filter>
    </ClInclude>
    <ClInclude Include="core\include\resources\XMLReader.h">
      <Filter>Файлы заголовков</Filter>
    </ClInclude>
    <ClInclude Include="core\include\impl\resources\XMLReaderTiXML.h">
      <Filter>Файлы заголовков</Filter>
    </ClInclude>
  </ItemGroup>
  <ItemGroup>
    <ClCompile Include="core\sources\input\Keyboard.cpp">
      <Filter>Исходные файлы</Filter>
    </ClCompile>
    <ClCompile Include="core\sources\input\Mouse.cpp">
      <Filter>Исходные файлы</Filter>
    </ClCompile>
    <ClCompile Include="core\sources\input\Input.cpp">
      <Filter>Исходные файлы</Filter>
    </ClCompile>
    <ClCompile Include="core\sources\graphics\LowLevelGraphics.cpp">
      <Filter>Исходные файлы</Filter>
    </ClCompile>
    <ClCompile Include="core\sources\graphics\Graphics.cpp">
      <Filter>Исходные файлы</Filter>
    </ClCompile>
    <ClCompile Include="core\sources\engine\Engine.cpp">
      <Filter>Исходные файлы</Filter>
    </ClCompile>
    <ClCompile Include="core\sources\math\Math.cpp">
      <Filter>Исходные файлы</Filter>
    </ClCompile>
    <ClCompile Include="core\sources\core\Timer.cpp">
      <Filter>Исходные файлы</Filter>
    </ClCompile>
    <ClCompile Include="core\sources\engine\TimeStep.cpp">
      <Filter>Исходные файлы</Filter>
    </ClCompile>
    <ClCompile Include="core\sources\graphics\Animation.cpp">
      <Filter>Исходные файлы</Filter>
    </ClCompile>
    <ClCompile Include="core\sources\graphics\Color.cpp">
      <Filter>Исходные файлы</Filter>
    </ClCompile>
    <ClCompile Include="core\sources\graphics\FontAtlas.cpp">
      <Filter>Исходные файлы</Filter>
    </ClCompile>
    <ClCompile Include="core\sources\audio\AudioBuffer.cpp">
      <Filter>Исходные файлы</Filter>
    </ClCompile>
    <ClCompile Include="core\sources\audio\AudioSource.cpp">
      <Filter>Исходные файлы</Filter>
    </ClCompile>
    <ClCompile Include="core\sources\audio\AudioSystem.cpp">
      <Filter>Исходные файлы</Filter>
    </ClCompile>
    <ClCompile Include="core\sources\audio\AudioListener.cpp">
      <Filter>Исходные файлы</Filter>
    </ClCompile>
    <ClCompile Include="core\sources\audio\AudioDevice.cpp">
      <Filter>Исходные файлы</Filter>
    </ClCompile>
    <ClCompile Include="core\sources\engine\Updater.cpp">
      <Filter>Исходные файлы</Filter>
    </ClCompile>
    <ClCompile Include="core\sources\graphics\Texture.cpp">
      <Filter>Исходные файлы</Filter>
    </ClCompile>
    <ClCompile Include="core\sources\graphics\Renderer.cpp">
      <Filter>Исходные файлы</Filter>
    </ClCompile>
    <ClCompile Include="core\sources\graphics\Glyph.cpp">
      <Filter>Исходные файлы</Filter>
    </ClCompile>
    <ClCompile Include="core\sources\impl\core\ApplicationTimeSDL.cpp">
      <Filter>Исходные файлы</Filter>
    </ClCompile>
    <ClCompile Include="core\sources\impl\audio\AudioDeviceAL.cpp">
      <Filter>Исходные файлы</Filter>
    </ClCompile>
    <ClCompile Include="core\sources\impl\audio\AudioListenerAL.cpp">
      <Filter>Исходные файлы</Filter>
    </ClCompile>
    <ClCompile Include="core\sources\impl\audio\AudioSystemAL.cpp">
      <Filter>Исходные файлы</Filter>
    </ClCompile>
    <ClCompile Include="core\sources\impl\audio\AudioBufferAL.cpp">
      <Filter>Исходные файлы</Filter>
    </ClCompile>
    <ClCompile Include="core\sources\impl\audio\AudioSourceAL.cpp">
      <Filter>Исходные файлы</Filter>
    </ClCompile>
    <ClCompile Include="core\sources\impl\engine\EngineSetupSDL.cpp">
      <Filter>Исходные файлы</Filter>
    </ClCompile>
    <ClCompile Include="core\sources\impl\input\KeyboardSDL.cpp">
      <Filter>Исходные файлы</Filter>
    </ClCompile>
    <ClCompile Include="core\sources\impl\graphics\LowLevelGraphicsSDL.cpp">
      <Filter>Исходные файлы</Filter>
    </ClCompile>
    <ClCompile Include="core\sources\impl\input\LowLevelInputSDL.cpp">
      <Filter>Исходные файлы</Filter>
    </ClCompile>
    <ClCompile Include="core\sources\impl\input\MouseSDL.cpp">
      <Filter>Исходные файлы</Filter>
    </ClCompile>
    <ClCompile Include="core\sources\impl\graphics\RendererSDL.cpp">
      <Filter>Исходные файлы</Filter>
    </ClCompile>
    <ClCompile Include="core\sources\impl\graphics\TextureSDL.cpp">
      <Filter>Исходные файлы</Filter>
    </ClCompile>
    <ClCompile Include="core\sources\resources\XMLNode.cpp">
      <Filter>Исходные файлы</Filter>
    </ClCompile>
    <ClCompile Include="core\sources\resources\XMLElement.cpp">
      <Filter>Исходные файлы</Filter>
    </ClCompile>
    <ClCompile Include="core\sources\impl\resources\XMLDocumentTiXML.cpp">
      <Filter>Исходные файлы</Filter>
    </ClCompile>
    <ClCompile Include="core\sources\resources\XMLDocument.cpp">
      <Filter>Исходные файлы</Filter>
    </ClCompile>
    <ClCompile Include="core\include\audio\stb_vorbis.c">
      <Filter>Исходные файлы</Filter>
    </ClCompile>
    <ClCompile Include="core\sources\impl\resources\XMLReaderTiXML.cpp">
      <Filter>Исходные файлы</Filter>
    </ClCompile>
  </ItemGroup>
  <ItemGroup>
    <Text Include="core\TODO.txt" />
  </ItemGroup>
</Project>